{
	"requires": true,
	"lockfileVersion": 1,
	"dependencies": {
		"shower-core": {
			"version": "2.1.0",
			"resolved": "https://registry.npmjs.org/shower-core/-/shower-core-2.1.0.tgz",
			"integrity": "sha1-cyeuOoR6CwuWEvStTGSP82Oc5BY="
		},
		"shower-ribbon": {
			"version": "2.1.0",
			"resolved": "https://registry.npmjs.org/shower-ribbon/-/shower-ribbon-2.1.0.tgz",
			"integrity": "sha512-InGRgTla2QaXa/0gpRRxz0rQb2MJRb3hrI42ZYk6L7S+B5/THPO+KLNMeyIHkDOADlhp8OP7+I7Dses96bu14w=="
		}
	}
}
